// !$*UTF8*$!
{
	archiveVersion = 1;
	classes = {
	};
	objectVersion = 50;
	objects = {

/* Begin PBXBuildFile section */
		434038A020EFB7C700E62173 /* InterviewQuestionsDetailVC.swift in Sources */ = {isa = PBXBuildFile; fileRef = 4340389C20EFB7C600E62173 /* InterviewQuestionsDetailVC.swift */; };
		434038A120EFB7C700E62173 /* InterviewQuestionsVC.xib in Resources */ = {isa = PBXBuildFile; fileRef = 4340389D20EFB7C700E62173 /* InterviewQuestionsVC.xib */; };
		434038A220EFB7C700E62173 /* InterviewQuestionsVC.swift in Sources */ = {isa = PBXBuildFile; fileRef = 4340389E20EFB7C700E62173 /* InterviewQuestionsVC.swift */; };
		434038A320EFB7C700E62173 /* InterviewQuestionsDetailVC.xib in Resources */ = {isa = PBXBuildFile; fileRef = 4340389F20EFB7C700E62173 /* InterviewQuestionsDetailVC.xib */; };
		434038A720EFB80B00E62173 /* InterViewDataHandle.swift in Sources */ = {isa = PBXBuildFile; fileRef = 434038A420EFB80B00E62173 /* InterViewDataHandle.swift */; };
		434038A820EFB80B00E62173 /* InterViewModel.swift in Sources */ = {isa = PBXBuildFile; fileRef = 434038A520EFB80B00E62173 /* InterViewModel.swift */; };
		434038A920EFB80B00E62173 /* IQSourceData.txt in Resources */ = {isa = PBXBuildFile; fileRef = 434038A620EFB80B00E62173 /* IQSourceData.txt */; };
		434038AC20EFB81C00E62173 /* InterViewTitleCell.swift in Sources */ = {isa = PBXBuildFile; fileRef = 434038AA20EFB81C00E62173 /* InterViewTitleCell.swift */; };
		434038AD20EFB81C00E62173 /* InterViewTitleCell.xib in Resources */ = {isa = PBXBuildFile; fileRef = 434038AB20EFB81C00E62173 /* InterViewTitleCell.xib */; };
		4378A9D120F1BF44004FFF15 /* BaiduCloudDiskVC.swift in Sources */ = {isa = PBXBuildFile; fileRef = 4378A9CF20F1BF44004FFF15 /* BaiduCloudDiskVC.swift */; };
		4378A9D220F1BF44004FFF15 /* BaiduCloudDiskVC.xib in Resources */ = {isa = PBXBuildFile; fileRef = 4378A9D020F1BF44004FFF15 /* BaiduCloudDiskVC.xib */; };
		4E7C552D20D0FAA60045847B /* AppDelegate.swift in Sources */ = {isa = PBXBuildFile; fileRef = 4E7C552C20D0FAA60045847B /* AppDelegate.swift */; };
		4E7C552F20D0FAA60045847B /* ViewController.swift in Sources */ = {isa = PBXBuildFile; fileRef = 4E7C552E20D0FAA60045847B /* ViewController.swift */; };
		4E7C553220D0FAA60045847B /* Main.storyboard in Resources */ = {isa = PBXBuildFile; fileRef = 4E7C553020D0FAA60045847B /* Main.storyboard */; };
		4E7C553420D0FAA70045847B /* Assets.xcassets in Resources */ = {isa = PBXBuildFile; fileRef = 4E7C553320D0FAA70045847B /* Assets.xcassets */; };
		4E7C553720D0FAA70045847B /* LaunchScreen.storyboard in Resources */ = {isa = PBXBuildFile; fileRef = 4E7C553520D0FAA70045847B /* LaunchScreen.storyboard */; };
		4E7C554220D0FAA80045847B /* GeneralToolsSwiftTests.swift in Sources */ = {isa = PBXBuildFile; fileRef = 4E7C554120D0FAA80045847B /* GeneralToolsSwiftTests.swift */; };
		4E7C554D20D0FAA80045847B /* GeneralToolsSwiftUITests.swift in Sources */ = {isa = PBXBuildFile; fileRef = 4E7C554C20D0FAA80045847B /* GeneralToolsSwiftUITests.swift */; };
		4E8183A620D9EFF00045F070 /* PerformanceViewController.swift in Sources */ = {isa = PBXBuildFile; fileRef = 4E81838C20D9EFF00045F070 /* PerformanceViewController.swift */; };
		4E8183A720D9EFF00045F070 /* PerformanceViewController.xib in Resources */ = {isa = PBXBuildFile; fileRef = 4E81838D20D9EFF00045F070 /* PerformanceViewController.xib */; };
		4E8183A820D9EFF00045F070 /* ProcessingDataViewController.xib in Resources */ = {isa = PBXBuildFile; fileRef = 4E81839220D9EFF00045F070 /* ProcessingDataViewController.xib */; };
		4E8183A920D9EFF00045F070 /* ProcessingDataViewController.swift in Sources */ = {isa = PBXBuildFile; fileRef = 4E81839320D9EFF00045F070 /* ProcessingDataViewController.swift */; };
		4E8183AA20D9EFF00045F070 /* MainViewController.xib in Resources */ = {isa = PBXBuildFile; fileRef = 4E81839820D9EFF00045F070 /* MainViewController.xib */; };
		4E8183AB20D9EFF00045F070 /* MainViewController.swift in Sources */ = {isa = PBXBuildFile; fileRef = 4E81839920D9EFF00045F070 /* MainViewController.swift */; };
		4E8183AC20D9EFF00045F070 /* SelectTabBarView.xib in Resources */ = {isa = PBXBuildFile; fileRef = 4E81839C20D9EFF00045F070 /* SelectTabBarView.xib */; };
		4E8183AD20D9EFF00045F070 /* SelectTabBarView.swift in Sources */ = {isa = PBXBuildFile; fileRef = 4E81839D20D9EFF00045F070 /* SelectTabBarView.swift */; };
		4E8183AE20D9EFF00045F070 /* TabBarButton.swift in Sources */ = {isa = PBXBuildFile; fileRef = 4E81839E20D9EFF00045F070 /* TabBarButton.swift */; };
		4E8183AF20D9EFF00045F070 /* TabBarButton.xib in Resources */ = {isa = PBXBuildFile; fileRef = 4E81839F20D9EFF00045F070 /* TabBarButton.xib */; };
		4E8183B020D9EFF00045F070 /* HybridViewController.swift in Sources */ = {isa = PBXBuildFile; fileRef = 4E8183A220D9EFF00045F070 /* HybridViewController.swift */; };
		4E8183B120D9EFF00045F070 /* HybridViewController.xib in Resources */ = {isa = PBXBuildFile; fileRef = 4E8183A320D9EFF00045F070 /* HybridViewController.xib */; };
		4E8183C920DA27350045F070 /* TaskDelegate.swift in Sources */ = {isa = PBXBuildFile; fileRef = 4E8183B520DA27350045F070 /* TaskDelegate.swift */; };
		4E8183CA20DA27350045F070 /* MultipartFormData.swift in Sources */ = {isa = PBXBuildFile; fileRef = 4E8183B620DA27350045F070 /* MultipartFormData.swift */; };
		4E8183CB20DA27350045F070 /* NetworkReachabilityManager.swift in Sources */ = {isa = PBXBuildFile; fileRef = 4E8183B720DA27350045F070 /* NetworkReachabilityManager.swift */; };
		4E8183CC20DA27350045F070 /* Timeline.swift in Sources */ = {isa = PBXBuildFile; fileRef = 4E8183B820DA27350045F070 /* Timeline.swift */; };
		4E8183CD20DA27350045F070 /* DispatchQueue+Alamofire.swift in Sources */ = {isa = PBXBuildFile; fileRef = 4E8183B920DA27350045F070 /* DispatchQueue+Alamofire.swift */; };
		4E8183CE20DA27350045F070 /* Result.swift in Sources */ = {isa = PBXBuildFile; fileRef = 4E8183BA20DA27350045F070 /* Result.swift */; };
		4E8183CF20DA27350045F070 /* ParameterEncoding.swift in Sources */ = {isa = PBXBuildFile; fileRef = 4E8183BB20DA27350045F070 /* ParameterEncoding.swift */; };
		4E8183D020DA27350045F070 /* AFError.swift in Sources */ = {isa = PBXBuildFile; fileRef = 4E8183BC20DA27350045F070 /* AFError.swift */; };
		4E8183D120DA27350045F070 /* Validation.swift in Sources */ = {isa = PBXBuildFile; fileRef = 4E8183BD20DA27350045F070 /* Validation.swift */; };
		4E8183D220DA27350045F070 /* Notifications.swift in Sources */ = {isa = PBXBuildFile; fileRef = 4E8183BE20DA27350045F070 /* Notifications.swift */; };
		4E8183D320DA27350045F070 /* Response.swift in Sources */ = {isa = PBXBuildFile; fileRef = 4E8183BF20DA27350045F070 /* Response.swift */; };
		4E8183D420DA27350045F070 /* Alamofire.swift in Sources */ = {isa = PBXBuildFile; fileRef = 4E8183C020DA27350045F070 /* Alamofire.swift */; };
		4E8183D520DA27350045F070 /* Info-tvOS.plist in Resources */ = {isa = PBXBuildFile; fileRef = 4E8183C120DA27350045F070 /* Info-tvOS.plist */; };
		4E8183D620DA27350045F070 /* Request.swift in Sources */ = {isa = PBXBuildFile; fileRef = 4E8183C220DA27350045F070 /* Request.swift */; };
		4E8183D720DA27350045F070 /* SessionManager.swift in Sources */ = {isa = PBXBuildFile; fileRef = 4E8183C320DA27350045F070 /* SessionManager.swift */; };
		4E8183D820DA27350045F070 /* ResponseSerialization.swift in Sources */ = {isa = PBXBuildFile; fileRef = 4E8183C420DA27350045F070 /* ResponseSerialization.swift */; };
		4E8183D920DA27350045F070 /* ServerTrustPolicy.swift in Sources */ = {isa = PBXBuildFile; fileRef = 4E8183C620DA27350045F070 /* ServerTrustPolicy.swift */; };
		4E8183DA20DA27350045F070 /* Info.plist in Resources */ = {isa = PBXBuildFile; fileRef = 4E8183C720DA27350045F070 /* Info.plist */; };
		4E8183DB20DA27350045F070 /* SessionDelegate.swift in Sources */ = {isa = PBXBuildFile; fileRef = 4E8183C820DA27350045F070 /* SessionDelegate.swift */; };
		4E81842020DA5AE90045F070 /* DataRequestPageVC.swift in Sources */ = {isa = PBXBuildFile; fileRef = 4E81841E20DA5AE90045F070 /* DataRequestPageVC.swift */; };
		4E81842120DA5AE90045F070 /* DataRequestPageVC.xib in Resources */ = {isa = PBXBuildFile; fileRef = 4E81841F20DA5AE90045F070 /* DataRequestPageVC.xib */; };
		4ED0780E20DB47A700DBD42C /* DataProcessModel.swift in Sources */ = {isa = PBXBuildFile; fileRef = 4ED0780D20DB47A700DBD42C /* DataProcessModel.swift */; };
		4ED0781020DB487900DBD42C /* DataProFileManager.swift in Sources */ = {isa = PBXBuildFile; fileRef = 4ED0780F20DB487900DBD42C /* DataProFileManager.swift */; };
/* End PBXBuildFile section */

/* Begin PBXContainerItemProxy section */
		4E7C553E20D0FAA80045847B /* PBXContainerItemProxy */ = {
			isa = PBXContainerItemProxy;
			containerPortal = 4E7C552120D0FAA60045847B /* Project object */;
			proxyType = 1;
			remoteGlobalIDString = 4E7C552820D0FAA60045847B;
			remoteInfo = GeneralToolsSwift;
		};
		4E7C554920D0FAA80045847B /* PBXContainerItemProxy */ = {
			isa = PBXContainerItemProxy;
			containerPortal = 4E7C552120D0FAA60045847B /* Project object */;
			proxyType = 1;
			remoteGlobalIDString = 4E7C552820D0FAA60045847B;
			remoteInfo = GeneralToolsSwift;
		};
/* End PBXContainerItemProxy section */

/* Begin PBXFileReference section */
		4340389C20EFB7C600E62173 /* InterviewQuestionsDetailVC.swift */ = {isa = PBXFileReference; fileEncoding = 4; lastKnownFileType = sourcecode.swift; path = InterviewQuestionsDetailVC.swift; sourceTree = "<group>"; };
		4340389D20EFB7C700E62173 /* InterviewQuestionsVC.xib */ = {isa = PBXFileReference; fileEncoding = 4; lastKnownFileType = file.xib; path = InterviewQuestionsVC.xib; sourceTree = "<group>"; };
		4340389E20EFB7C700E62173 /* InterviewQuestionsVC.swift */ = {isa = PBXFileReference; fileEncoding = 4; lastKnownFileType = sourcecode.swift; path = InterviewQuestionsVC.swift; sourceTree = "<group>"; };
		4340389F20EFB7C700E62173 /* InterviewQuestionsDetailVC.xib */ = {isa = PBXFileReference; fileEncoding = 4; lastKnownFileType = file.xib; path = InterviewQuestionsDetailVC.xib; sourceTree = "<group>"; };
		434038A420EFB80B00E62173 /* InterViewDataHandle.swift */ = {isa = PBXFileReference; fileEncoding = 4; lastKnownFileType = sourcecode.swift; path = InterViewDataHandle.swift; sourceTree = "<group>"; };
		434038A520EFB80B00E62173 /* InterViewModel.swift */ = {isa = PBXFileReference; fileEncoding = 4; lastKnownFileType = sourcecode.swift; path = InterViewModel.swift; sourceTree = "<group>"; };
		434038A620EFB80B00E62173 /* IQSourceData.txt */ = {isa = PBXFileReference; fileEncoding = 4; lastKnownFileType = text; path = IQSourceData.txt; sourceTree = "<group>"; };
		434038AA20EFB81C00E62173 /* InterViewTitleCell.swift */ = {isa = PBXFileReference; fileEncoding = 4; lastKnownFileType = sourcecode.swift; path = InterViewTitleCell.swift; sourceTree = "<group>"; };
		434038AB20EFB81C00E62173 /* InterViewTitleCell.xib */ = {isa = PBXFileReference; fileEncoding = 4; lastKnownFileType = file.xib; path = InterViewTitleCell.xib; sourceTree = "<group>"; };
		4378A9CF20F1BF44004FFF15 /* BaiduCloudDiskVC.swift */ = {isa = PBXFileReference; lastKnownFileType = sourcecode.swift; path = BaiduCloudDiskVC.swift; sourceTree = "<group>"; };
		4378A9D020F1BF44004FFF15 /* BaiduCloudDiskVC.xib */ = {isa = PBXFileReference; lastKnownFileType = file.xib; path = BaiduCloudDiskVC.xib; sourceTree = "<group>"; };
		4E7C552920D0FAA60045847B /* GeneralToolsSwift.app */ = {isa = PBXFileReference; explicitFileType = wrapper.application; includeInIndex = 0; path = GeneralToolsSwift.app; sourceTree = BUILT_PRODUCTS_DIR; };
		4E7C552C20D0FAA60045847B /* AppDelegate.swift */ = {isa = PBXFileReference; lastKnownFileType = sourcecode.swift; path = AppDelegate.swift; sourceTree = "<group>"; };
		4E7C552E20D0FAA60045847B /* ViewController.swift */ = {isa = PBXFileReference; lastKnownFileType = sourcecode.swift; path = ViewController.swift; sourceTree = "<group>"; };
		4E7C553120D0FAA60045847B /* Base */ = {isa = PBXFileReference; lastKnownFileType = file.storyboard; name = Base; path = Base.lproj/Main.storyboard; sourceTree = "<group>"; };
		4E7C553320D0FAA70045847B /* Assets.xcassets */ = {isa = PBXFileReference; lastKnownFileType = folder.assetcatalog; path = Assets.xcassets; sourceTree = "<group>"; };
		4E7C553620D0FAA70045847B /* Base */ = {isa = PBXFileReference; lastKnownFileType = file.storyboard; name = Base; path = Base.lproj/LaunchScreen.storyboard; sourceTree = "<group>"; };
		4E7C553820D0FAA70045847B /* Info.plist */ = {isa = PBXFileReference; lastKnownFileType = text.plist.xml; path = Info.plist; sourceTree = "<group>"; };
		4E7C553D20D0FAA80045847B /* GeneralToolsSwiftTests.xctest */ = {isa = PBXFileReference; explicitFileType = wrapper.cfbundle; includeInIndex = 0; path = GeneralToolsSwiftTests.xctest; sourceTree = BUILT_PRODUCTS_DIR; };
		4E7C554120D0FAA80045847B /* GeneralToolsSwiftTests.swift */ = {isa = PBXFileReference; lastKnownFileType = sourcecode.swift; path = GeneralToolsSwiftTests.swift; sourceTree = "<group>"; };
		4E7C554320D0FAA80045847B /* Info.plist */ = {isa = PBXFileReference; lastKnownFileType = text.plist.xml; path = Info.plist; sourceTree = "<group>"; };
		4E7C554820D0FAA80045847B /* GeneralToolsSwiftUITests.xctest */ = {isa = PBXFileReference; explicitFileType = wrapper.cfbundle; includeInIndex = 0; path = GeneralToolsSwiftUITests.xctest; sourceTree = BUILT_PRODUCTS_DIR; };
		4E7C554C20D0FAA80045847B /* GeneralToolsSwiftUITests.swift */ = {isa = PBXFileReference; lastKnownFileType = sourcecode.swift; path = GeneralToolsSwiftUITests.swift; sourceTree = "<group>"; };
		4E7C554E20D0FAA80045847B /* Info.plist */ = {isa = PBXFileReference; lastKnownFileType = text.plist.xml; path = Info.plist; sourceTree = "<group>"; };
		4E81838C20D9EFF00045F070 /* PerformanceViewController.swift */ = {isa = PBXFileReference; fileEncoding = 4; lastKnownFileType = sourcecode.swift; path = PerformanceViewController.swift; sourceTree = "<group>"; };
		4E81838D20D9EFF00045F070 /* PerformanceViewController.xib */ = {isa = PBXFileReference; fileEncoding = 4; lastKnownFileType = file.xib; path = PerformanceViewController.xib; sourceTree = "<group>"; };
		4E81839220D9EFF00045F070 /* ProcessingDataViewController.xib */ = {isa = PBXFileReference; fileEncoding = 4; lastKnownFileType = file.xib; path = ProcessingDataViewController.xib; sourceTree = "<group>"; };
		4E81839320D9EFF00045F070 /* ProcessingDataViewController.swift */ = {isa = PBXFileReference; fileEncoding = 4; lastKnownFileType = sourcecode.swift; path = ProcessingDataViewController.swift; sourceTree = "<group>"; };
		4E81839820D9EFF00045F070 /* MainViewController.xib */ = {isa = PBXFileReference; fileEncoding = 4; lastKnownFileType = file.xib; path = MainViewController.xib; sourceTree = "<group>"; };
		4E81839920D9EFF00045F070 /* MainViewController.swift */ = {isa = PBXFileReference; fileEncoding = 4; lastKnownFileType = sourcecode.swift; path = MainViewController.swift; sourceTree = "<group>"; };
		4E81839C20D9EFF00045F070 /* SelectTabBarView.xib */ = {isa = PBXFileReference; fileEncoding = 4; lastKnownFileType = file.xib; path = SelectTabBarView.xib; sourceTree = "<group>"; };
		4E81839D20D9EFF00045F070 /* SelectTabBarView.swift */ = {isa = PBXFileReference; fileEncoding = 4; lastKnownFileType = sourcecode.swift; path = SelectTabBarView.swift; sourceTree = "<group>"; };
		4E81839E20D9EFF00045F070 /* TabBarButton.swift */ = {isa = PBXFileReference; fileEncoding = 4; lastKnownFileType = sourcecode.swift; path = TabBarButton.swift; sourceTree = "<group>"; };
		4E81839F20D9EFF00045F070 /* TabBarButton.xib */ = {isa = PBXFileReference; fileEncoding = 4; lastKnownFileType = file.xib; path = TabBarButton.xib; sourceTree = "<group>"; };
		4E8183A220D9EFF00045F070 /* HybridViewController.swift */ = {isa = PBXFileReference; fileEncoding = 4; lastKnownFileType = sourcecode.swift; path = HybridViewController.swift; sourceTree = "<group>"; };
		4E8183A320D9EFF00045F070 /* HybridViewController.xib */ = {isa = PBXFileReference; fileEncoding = 4; lastKnownFileType = file.xib; path = HybridViewController.xib; sourceTree = "<group>"; };
		4E8183B520DA27350045F070 /* TaskDelegate.swift */ = {isa = PBXFileReference; fileEncoding = 4; lastKnownFileType = sourcecode.swift; path = TaskDelegate.swift; sourceTree = "<group>"; };
		4E8183B620DA27350045F070 /* MultipartFormData.swift */ = {isa = PBXFileReference; fileEncoding = 4; lastKnownFileType = sourcecode.swift; path = MultipartFormData.swift; sourceTree = "<group>"; };
		4E8183B720DA27350045F070 /* NetworkReachabilityManager.swift */ = {isa = PBXFileReference; fileEncoding = 4; lastKnownFileType = sourcecode.swift; path = NetworkReachabilityManager.swift; sourceTree = "<group>"; };
		4E8183B820DA27350045F070 /* Timeline.swift */ = {isa = PBXFileReference; fileEncoding = 4; lastKnownFileType = sourcecode.swift; path = Timeline.swift; sourceTree = "<group>"; };
		4E8183B920DA27350045F070 /* DispatchQueue+Alamofire.swift */ = {isa = PBXFileReference; fileEncoding = 4; lastKnownFileType = sourcecode.swift; path = "DispatchQueue+Alamofire.swift"; sourceTree = "<group>"; };
		4E8183BA20DA27350045F070 /* Result.swift */ = {isa = PBXFileReference; fileEncoding = 4; lastKnownFileType = sourcecode.swift; path = Result.swift; sourceTree = "<group>"; };
		4E8183BB20DA27350045F070 /* ParameterEncoding.swift */ = {isa = PBXFileReference; fileEncoding = 4; lastKnownFileType = sourcecode.swift; path = ParameterEncoding.swift; sourceTree = "<group>"; };
		4E8183BC20DA27350045F070 /* AFError.swift */ = {isa = PBXFileReference; fileEncoding = 4; lastKnownFileType = sourcecode.swift; path = AFError.swift; sourceTree = "<group>"; };
		4E8183BD20DA27350045F070 /* Validation.swift */ = {isa = PBXFileReference; fileEncoding = 4; lastKnownFileType = sourcecode.swift; path = Validation.swift; sourceTree = "<group>"; };
		4E8183BE20DA27350045F070 /* Notifications.swift */ = {isa = PBXFileReference; fileEncoding = 4; lastKnownFileType = sourcecode.swift; path = Notifications.swift; sourceTree = "<group>"; };
		4E8183BF20DA27350045F070 /* Response.swift */ = {isa = PBXFileReference; fileEncoding = 4; lastKnownFileType = sourcecode.swift; path = Response.swift; sourceTree = "<group>"; };
		4E8183C020DA27350045F070 /* Alamofire.swift */ = {isa = PBXFileReference; fileEncoding = 4; lastKnownFileType = sourcecode.swift; path = Alamofire.swift; sourceTree = "<group>"; };
		4E8183C120DA27350045F070 /* Info-tvOS.plist */ = {isa = PBXFileReference; fileEncoding = 4; lastKnownFileType = text.plist.xml; path = "Info-tvOS.plist"; sourceTree = "<group>"; };
		4E8183C220DA27350045F070 /* Request.swift */ = {isa = PBXFileReference; fileEncoding = 4; lastKnownFileType = sourcecode.swift; path = Request.swift; sourceTree = "<group>"; };
		4E8183C320DA27350045F070 /* SessionManager.swift */ = {isa = PBXFileReference; fileEncoding = 4; lastKnownFileType = sourcecode.swift; path = SessionManager.swift; sourceTree = "<group>"; };
		4E8183C420DA27350045F070 /* ResponseSerialization.swift */ = {isa = PBXFileReference; fileEncoding = 4; lastKnownFileType = sourcecode.swift; path = ResponseSerialization.swift; sourceTree = "<group>"; };
		4E8183C520DA27350045F070 /* Alamofire.h */ = {isa = PBXFileReference; fileEncoding = 4; lastKnownFileType = sourcecode.c.h; path = Alamofire.h; sourceTree = "<group>"; };
		4E8183C620DA27350045F070 /* ServerTrustPolicy.swift */ = {isa = PBXFileReference; fileEncoding = 4; lastKnownFileType = sourcecode.swift; path = ServerTrustPolicy.swift; sourceTree = "<group>"; };
		4E8183C720DA27350045F070 /* Info.plist */ = {isa = PBXFileReference; fileEncoding = 4; lastKnownFileType = text.plist.xml; path = Info.plist; sourceTree = "<group>"; };
		4E8183C820DA27350045F070 /* SessionDelegate.swift */ = {isa = PBXFileReference; fileEncoding = 4; lastKnownFileType = sourcecode.swift; path = SessionDelegate.swift; sourceTree = "<group>"; };
		4E81841E20DA5AE90045F070 /* DataRequestPageVC.swift */ = {isa = PBXFileReference; lastKnownFileType = sourcecode.swift; path = DataRequestPageVC.swift; sourceTree = "<group>"; };
		4E81841F20DA5AE90045F070 /* DataRequestPageVC.xib */ = {isa = PBXFileReference; lastKnownFileType = file.xib; path = DataRequestPageVC.xib; sourceTree = "<group>"; };
		4ED0780D20DB47A700DBD42C /* DataProcessModel.swift */ = {isa = PBXFileReference; lastKnownFileType = sourcecode.swift; path = DataProcessModel.swift; sourceTree = "<group>"; };
		4ED0780F20DB487900DBD42C /* DataProFileManager.swift */ = {isa = PBXFileReference; lastKnownFileType = sourcecode.swift; path = DataProFileManager.swift; sourceTree = "<group>"; };
/* End PBXFileReference section */

/* Begin PBXFrameworksBuildPhase section */
		4E7C552620D0FAA60045847B /* Frameworks */ = {
			isa = PBXFrameworksBuildPhase;
			buildActionMask = 2147483647;
			files = (
			);
			runOnlyForDeploymentPostprocessing = 0;
		};
		4E7C553A20D0FAA80045847B /* Frameworks */ = {
			isa = PBXFrameworksBuildPhase;
			buildActionMask = 2147483647;
			files = (
			);
			runOnlyForDeploymentPostprocessing = 0;
		};
		4E7C554520D0FAA80045847B /* Frameworks */ = {
			isa = PBXFrameworksBuildPhase;
			buildActionMask = 2147483647;
			files = (
			);
			runOnlyForDeploymentPostprocessing = 0;
		};
/* End PBXFrameworksBuildPhase section */

/* Begin PBXGroup section */
		4E7C552020D0FAA60045847B = {
			isa = PBXGroup;
			children = (
				4E7C552B20D0FAA60045847B /* GeneralToolsSwift */,
				4E7C554020D0FAA80045847B /* GeneralToolsSwiftTests */,
				4E7C554B20D0FAA80045847B /* GeneralToolsSwiftUITests */,
				4E7C552A20D0FAA60045847B /* Products */,
			);
			sourceTree = "<group>";
		};
		4E7C552A20D0FAA60045847B /* Products */ = {
			isa = PBXGroup;
			children = (
				4E7C552920D0FAA60045847B /* GeneralToolsSwift.app */,
				4E7C553D20D0FAA80045847B /* GeneralToolsSwiftTests.xctest */,
				4E7C554820D0FAA80045847B /* GeneralToolsSwiftUITests.xctest */,
			);
			name = Products;
			sourceTree = "<group>";
		};
		4E7C552B20D0FAA60045847B /* GeneralToolsSwift */ = {
			isa = PBXGroup;
			children = (
				4E7C552C20D0FAA60045847B /* AppDelegate.swift */,
				4E7C552E20D0FAA60045847B /* ViewController.swift */,
				4E7C553020D0FAA60045847B /* Main.storyboard */,
				4E8183B320DA27350045F070 /* Vendor */,
				4E81838920D9EFF00045F070 /* GeneralBusiness */,
				4E7C553320D0FAA70045847B /* Assets.xcassets */,
				4E7C553520D0FAA70045847B /* LaunchScreen.storyboard */,
				4E7C553820D0FAA70045847B /* Info.plist */,
			);
			path = GeneralToolsSwift;
			sourceTree = "<group>";
		};
		4E7C554020D0FAA80045847B /* GeneralToolsSwiftTests */ = {
			isa = PBXGroup;
			children = (
				4E7C554120D0FAA80045847B /* GeneralToolsSwiftTests.swift */,
				4E7C554320D0FAA80045847B /* Info.plist */,
			);
			path = GeneralToolsSwiftTests;
			sourceTree = "<group>";
		};
		4E7C554B20D0FAA80045847B /* GeneralToolsSwiftUITests */ = {
			isa = PBXGroup;
			children = (
				4E7C554C20D0FAA80045847B /* GeneralToolsSwiftUITests.swift */,
				4E7C554E20D0FAA80045847B /* Info.plist */,
			);
			path = GeneralToolsSwiftUITests;
			sourceTree = "<group>";
		};
		4E81838920D9EFF00045F070 /* GeneralBusiness */ = {
			isa = PBXGroup;
			children = (
				4E81839620D9EFF00045F070 /* MainVC */,
				4E81839020D9EFF00045F070 /* ProcessingData(数据处理) */,
				4E81838A20D9EFF00045F070 /* Performance(UI处理) */,
				4E8183A020D9EFF00045F070 /* Hybrid(混合处理) */,
			);
			path = GeneralBusiness;
			sourceTree = "<group>";
		};
		4E81838A20D9EFF00045F070 /* Performance(UI处理) */ = {
			isa = PBXGroup;
			children = (
				4E81838B20D9EFF00045F070 /* Controller */,
				4E81838E20D9EFF00045F070 /* Model */,
				4E81838F20D9EFF00045F070 /* View */,
			);
			path = "Performance(UI处理)";
			sourceTree = "<group>";
		};
		4E81838B20D9EFF00045F070 /* Controller */ = {
			isa = PBXGroup;
			children = (
				43C0748520FA012600234F1D /* InterViewBaseViewController.swift */,
				43C0748620FA012600234F1D /* InterViewBaseViewController.xib */,
				4E81838C20D9EFF00045F070 /* PerformanceViewController.swift */,
				4E81838D20D9EFF00045F070 /* PerformanceViewController.xib */,
				4340389E20EFB7C700E62173 /* InterviewQuestionsVC.swift */,
				4340389D20EFB7C700E62173 /* InterviewQuestionsVC.xib */,
				4340389C20EFB7C600E62173 /* InterviewQuestionsDetailVC.swift */,
				4340389F20EFB7C700E62173 /* InterviewQuestionsDetailVC.xib */,
			);
			path = Controller;
			sourceTree = "<group>";
		};
		4E81838E20D9EFF00045F070 /* Model */ = {
			isa = PBXGroup;
			children = (
				434038A420EFB80B00E62173 /* InterViewDataHandle.swift */,
				434038A520EFB80B00E62173 /* InterViewModel.swift */,
				434038A620EFB80B00E62173 /* IQSourceData.txt */,
			);
			path = Model;
			sourceTree = "<group>";
		};
		4E81838F20D9EFF00045F070 /* View */ = {
			isa = PBXGroup;
			children = (
				434038AA20EFB81C00E62173 /* InterViewTitleCell.swift */,
				434038AB20EFB81C00E62173 /* InterViewTitleCell.xib */,
			);
			path = View;
			sourceTree = "<group>";
		};
		4E81839020D9EFF00045F070 /* ProcessingData(数据处理) */ = {
			isa = PBXGroup;
			children = (
				4E81839120D9EFF00045F070 /* Controller */,
				4E81839420D9EFF00045F070 /* Model */,
				4E81839520D9EFF00045F070 /* View */,
			);
			path = "ProcessingData(数据处理)";
			sourceTree = "<group>";
		};
		4E81839120D9EFF00045F070 /* Controller */ = {
			isa = PBXGroup;
			children = (
				4E81839320D9EFF00045F070 /* ProcessingDataViewController.swift */,
				4E81839220D9EFF00045F070 /* ProcessingDataViewController.xib */,
				4E81841E20DA5AE90045F070 /* DataRequestPageVC.swift */,
				4E81841F20DA5AE90045F070 /* DataRequestPageVC.xib */,
			);
			path = Controller;
			sourceTree = "<group>";
		};
		4E81839420D9EFF00045F070 /* Model */ = {
			isa = PBXGroup;
			children = (
				4ED0780D20DB47A700DBD42C /* DataProcessModel.swift */,
				4ED0780F20DB487900DBD42C /* DataProFileManager.swift */,
			);
			path = Model;
			sourceTree = "<group>";
		};
		4E81839520D9EFF00045F070 /* View */ = {
			isa = PBXGroup;
			children = (
			);
			path = View;
			sourceTree = "<group>";
		};
		4E81839620D9EFF00045F070 /* MainVC */ = {
			isa = PBXGroup;
			children = (
				4E81839720D9EFF00045F070 /* Controller */,
				4E81839A20D9EFF00045F070 /* Model */,
				4E81839B20D9EFF00045F070 /* View */,
			);
			path = MainVC;
			sourceTree = "<group>";
		};
		4E81839720D9EFF00045F070 /* Controller */ = {
			isa = PBXGroup;
			children = (
				4E81839920D9EFF00045F070 /* MainViewController.swift */,
				4E81839820D9EFF00045F070 /* MainViewController.xib */,
			);
			path = Controller;
			sourceTree = "<group>";
		};
		4E81839A20D9EFF00045F070 /* Model */ = {
			isa = PBXGroup;
			children = (
			);
			path = Model;
			sourceTree = "<group>";
		};
		4E81839B20D9EFF00045F070 /* View */ = {
			isa = PBXGroup;
			children = (
				4E81839D20D9EFF00045F070 /* SelectTabBarView.swift */,
				4E81839C20D9EFF00045F070 /* SelectTabBarView.xib */,
				4E81839E20D9EFF00045F070 /* TabBarButton.swift */,
				4E81839F20D9EFF00045F070 /* TabBarButton.xib */,
			);
			path = View;
			sourceTree = "<group>";
		};
		4E8183A020D9EFF00045F070 /* Hybrid(混合处理) */ = {
			isa = PBXGroup;
			children = (
				4E8183A120D9EFF00045F070 /* Controller */,
				4E8183A420D9EFF00045F070 /* Model */,
				4E8183A520D9EFF00045F070 /* View */,
			);
			path = "Hybrid(混合处理)";
			sourceTree = "<group>";
		};
		4E8183A120D9EFF00045F070 /* Controller */ = {
			isa = PBXGroup;
			children = (
				4E8183A220D9EFF00045F070 /* HybridViewController.swift */,
				4E8183A320D9EFF00045F070 /* HybridViewController.xib */,
				4378A9CF20F1BF44004FFF15 /* BaiduCloudDiskVC.swift */,
				4378A9D020F1BF44004FFF15 /* BaiduCloudDiskVC.xib */,
			);
			path = Controller;
			sourceTree = "<group>";
		};
		4E8183A420D9EFF00045F070 /* Model */ = {
			isa = PBXGroup;
			children = (
			);
			path = Model;
			sourceTree = "<group>";
		};
		4E8183A520D9EFF00045F070 /* View */ = {
			isa = PBXGroup;
			children = (
			);
			path = View;
			sourceTree = "<group>";
		};
		4E8183B320DA27350045F070 /* Vendor */ = {
			isa = PBXGroup;
			children = (
				4E8183B420DA27350045F070 /* Alamofire */,
			);
			path = Vendor;
			sourceTree = "<group>";
		};
		4E8183B420DA27350045F070 /* Alamofire */ = {
			isa = PBXGroup;
			children = (
				4E8183B520DA27350045F070 /* TaskDelegate.swift */,
				4E8183B620DA27350045F070 /* MultipartFormData.swift */,
				4E8183B720DA27350045F070 /* NetworkReachabilityManager.swift */,
				4E8183B820DA27350045F070 /* Timeline.swift */,
				4E8183B920DA27350045F070 /* DispatchQueue+Alamofire.swift */,
				4E8183BA20DA27350045F070 /* Result.swift */,
				4E8183BB20DA27350045F070 /* ParameterEncoding.swift */,
				4E8183BC20DA27350045F070 /* AFError.swift */,
				4E8183BD20DA27350045F070 /* Validation.swift */,
				4E8183BE20DA27350045F070 /* Notifications.swift */,
				4E8183BF20DA27350045F070 /* Response.swift */,
				4E8183C020DA27350045F070 /* Alamofire.swift */,
				4E8183C120DA27350045F070 /* Info-tvOS.plist */,
				4E8183C220DA27350045F070 /* Request.swift */,
				4E8183C320DA27350045F070 /* SessionManager.swift */,
				4E8183C420DA27350045F070 /* ResponseSerialization.swift */,
				4E8183C520DA27350045F070 /* Alamofire.h */,
				4E8183C620DA27350045F070 /* ServerTrustPolicy.swift */,
				4E8183C720DA27350045F070 /* Info.plist */,
				4E8183C820DA27350045F070 /* SessionDelegate.swift */,
			);
			path = Alamofire;
			sourceTree = "<group>";
		};
/* End PBXGroup section */

/* Begin PBXNativeTarget section */
		4E7C552820D0FAA60045847B /* GeneralToolsSwift */ = {
			isa = PBXNativeTarget;
			buildConfigurationList = 4E7C555120D0FAA80045847B /* Build configuration list for PBXNativeTarget "GeneralToolsSwift" */;
			buildPhases = (
				4E7C552520D0FAA60045847B /* Sources */,
				4E7C552620D0FAA60045847B /* Frameworks */,
				4E7C552720D0FAA60045847B /* Resources */,
			);
			buildRules = (
			);
			dependencies = (
			);
			name = GeneralToolsSwift;
			productName = GeneralToolsSwift;
			productReference = 4E7C552920D0FAA60045847B /* GeneralToolsSwift.app */;
			productType = "com.apple.product-type.application";
		};
		4E7C553C20D0FAA80045847B /* GeneralToolsSwiftTests */ = {
			isa = PBXNativeTarget;
			buildConfigurationList = 4E7C555420D0FAA80045847B /* Build configuration list for PBXNativeTarget "GeneralToolsSwiftTests" */;
			buildPhases = (
				4E7C553920D0FAA80045847B /* Sources */,
				4E7C553A20D0FAA80045847B /* Frameworks */,
				4E7C553B20D0FAA80045847B /* Resources */,
			);
			buildRules = (
			);
			dependencies = (
				4E7C553F20D0FAA80045847B /* PBXTargetDependency */,
			);
			name = GeneralToolsSwiftTests;
			productName = GeneralToolsSwiftTests;
			productReference = 4E7C553D20D0FAA80045847B /* GeneralToolsSwiftTests.xctest */;
			productType = "com.apple.product-type.bundle.unit-test";
		};
		4E7C554720D0FAA80045847B /* GeneralToolsSwiftUITests */ = {
			isa = PBXNativeTarget;
			buildConfigurationList = 4E7C555720D0FAA80045847B /* Build configuration list for PBXNativeTarget "GeneralToolsSwiftUITests" */;
			buildPhases = (
				4E7C554420D0FAA80045847B /* Sources */,
				4E7C554520D0FAA80045847B /* Frameworks */,
				4E7C554620D0FAA80045847B /* Resources */,
			);
			buildRules = (
			);
			dependencies = (
				4E7C554A20D0FAA80045847B /* PBXTargetDependency */,
			);
			name = GeneralToolsSwiftUITests;
			productName = GeneralToolsSwiftUITests;
			productReference = 4E7C554820D0FAA80045847B /* GeneralToolsSwiftUITests.xctest */;
			productType = "com.apple.product-type.bundle.ui-testing";
		};
/* End PBXNativeTarget section */

/* Begin PBXProject section */
		4E7C552120D0FAA60045847B /* Project object */ = {
			isa = PBXProject;
			attributes = {
				LastSwiftUpdateCheck = 0930;
				LastUpgradeCheck = 0930;
				ORGANIZATIONNAME = HeShaoZe;
				TargetAttributes = {
					4E7C552820D0FAA60045847B = {
						CreatedOnToolsVersion = 9.3;
					};
					4E7C553C20D0FAA80045847B = {
						CreatedOnToolsVersion = 9.3;
						TestTargetID = 4E7C552820D0FAA60045847B;
					};
					4E7C554720D0FAA80045847B = {
						CreatedOnToolsVersion = 9.3;
						TestTargetID = 4E7C552820D0FAA60045847B;
					};
				};
			};
			buildConfigurationList = 4E7C552420D0FAA60045847B /* Build configuration list for PBXProject "GeneralToolsSwift" */;
			compatibilityVersion = "Xcode 9.3";
			developmentRegion = en;
			hasScannedForEncodings = 0;
			knownRegions = (
				en,
				Base,
			);
			mainGroup = 4E7C552020D0FAA60045847B;
			productRefGroup = 4E7C552A20D0FAA60045847B /* Products */;
			projectDirPath = "";
			projectRoot = "";
			targets = (
				4E7C552820D0FAA60045847B /* GeneralToolsSwift */,
				4E7C553C20D0FAA80045847B /* GeneralToolsSwiftTests */,
				4E7C554720D0FAA80045847B /* GeneralToolsSwiftUITests */,
			);
		};
/* End PBXProject section */

/* Begin PBXResourcesBuildPhase section */
		4E7C552720D0FAA60045847B /* Resources */ = {
			isa = PBXResourcesBuildPhase;
			buildActionMask = 2147483647;
			files = (
				4E8183D520DA27350045F070 /* Info-tvOS.plist in Resources */,
				4E7C553720D0FAA70045847B /* LaunchScreen.storyboard in Resources */,
				4E8183AF20D9EFF00045F070 /* TabBarButton.xib in Resources */,
				4E8183AA20D9EFF00045F070 /* MainViewController.xib in Resources */,
				4E8183A820D9EFF00045F070 /* ProcessingDataViewController.xib in Resources */,
				4E7C553420D0FAA70045847B /* Assets.xcassets in Resources */,
				434038AD20EFB81C00E62173 /* InterViewTitleCell.xib in Resources */,
				4378A9D220F1BF44004FFF15 /* BaiduCloudDiskVC.xib in Resources */,
				4E7C553220D0FAA60045847B /* Main.storyboard in Resources */,
				434038A320EFB7C700E62173 /* InterviewQuestionsDetailVC.xib in Resources */,
				4E81842120DA5AE90045F070 /* DataRequestPageVC.xib in Resources */,
				4E8183A720D9EFF00045F070 /* PerformanceViewController.xib in Resources */,
				43C0748420FA00F200234F1D /* InterViewQuestionWebviewVC.xib in Resources */,
				4E8183DA20DA27350045F070 /* Info.plist in Resources */,
				434038A920EFB80B00E62173 /* IQSourceData.txt in Resources */,
				4E8183AC20D9EFF00045F070 /* SelectTabBarView.xib in Resources */,
				4E8183B120D9EFF00045F070 /* HybridViewController.xib in Resources */,
				434038A120EFB7C700E62173 /* InterviewQuestionsVC.xib in Resources */,
			);
			runOnlyForDeploymentPostprocessing = 0;
		};
		4E7C553B20D0FAA80045847B /* Resources */ = {
			isa = PBXResourcesBuildPhase;
			buildActionMask = 2147483647;
			files = (
			);
			runOnlyForDeploymentPostprocessing = 0;
		};
		4E7C554620D0FAA80045847B /* Resources */ = {
			isa = PBXResourcesBuildPhase;
			buildActionMask = 2147483647;
			files = (
			);
			runOnlyForDeploymentPostprocessing = 0;
		};
/* End PBXResourcesBuildPhase section */

/* Begin PBXSourcesBuildPhase section */
		4E7C552520D0FAA60045847B /* Sources */ = {
			isa = PBXSourcesBuildPhase;
			buildActionMask = 2147483647;
			files = (
				4E8183CC20DA27350045F070 /* Timeline.swift in Sources */,
				4E8183AD20D9EFF00045F070 /* SelectTabBarView.swift in Sources */,
				434038A720EFB80B00E62173 /* InterViewDataHandle.swift in Sources */,
				4E7C552F20D0FAA60045847B /* ViewController.swift in Sources */,
				4E8183D920DA27350045F070 /* ServerTrustPolicy.swift in Sources */,
				4E7C552D20D0FAA60045847B /* AppDelegate.swift in Sources */,
				43C0748320FA00F200234F1D /* InterViewQuestionWebviewVC.swift in Sources */,
				4E8183D620DA27350045F070 /* Request.swift in Sources */,
				4E8183CE20DA27350045F070 /* Result.swift in Sources */,
				4E8183D320DA27350045F070 /* Response.swift in Sources */,
				4E8183D420DA27350045F070 /* Alamofire.swift in Sources */,
				4ED0781020DB487900DBD42C /* DataProFileManager.swift in Sources */,
				4E8183A620D9EFF00045F070 /* PerformanceViewController.swift in Sources */,
				43C0748720FA012600234F1D /* InterViewBaseViewController.swift in Sources */,
				4E8183CA20DA27350045F070 /* MultipartFormData.swift in Sources */,
				4E8183D720DA27350045F070 /* SessionManager.swift in Sources */,
				4E8183CD20DA27350045F070 /* DispatchQueue+Alamofire.swift in Sources */,
				4E81842020DA5AE90045F070 /* DataRequestPageVC.swift in Sources */,
				4E8183C920DA27350045F070 /* TaskDelegate.swift in Sources */,
				4ED0780E20DB47A700DBD42C /* DataProcessModel.swift in Sources */,
				4E8183D120DA27350045F070 /* Validation.swift in Sources */,
				4E8183D020DA27350045F070 /* AFError.swift in Sources */,
				4E8183DB20DA27350045F070 /* SessionDelegate.swift in Sources */,
				434038A020EFB7C700E62173 /* InterviewQuestionsDetailVC.swift in Sources */,
				4E8183AE20D9EFF00045F070 /* TabBarButton.swift in Sources */,
				4E8183D220DA27350045F070 /* Notifications.swift in Sources */,
				4E8183CB20DA27350045F070 /* NetworkReachabilityManager.swift in Sources */,
				4E8183A920D9EFF00045F070 /* ProcessingDataViewController.swift in Sources */,
				4E8183D820DA27350045F070 /* ResponseSerialization.swift in Sources */,
				434038A220EFB7C700E62173 /* InterviewQuestionsVC.swift in Sources */,
				4E8183CF20DA27350045F070 /* ParameterEncoding.swift in Sources */,
				434038AC20EFB81C00E62173 /* InterViewTitleCell.swift in Sources */,
				434038A820EFB80B00E62173 /* InterViewModel.swift in Sources */,
				4378A9D120F1BF44004FFF15 /* BaiduCloudDiskVC.swift in Sources */,
				4E8183B020D9EFF00045F070 /* HybridViewController.swift in Sources */,
				4E8183AB20D9EFF00045F070 /* MainViewController.swift in Sources */,
			);
			runOnlyForDeploymentPostprocessing = 0;
		};
		4E7C553920D0FAA80045847B /* Sources */ = {
			isa = PBXSourcesBuildPhase;
			buildActionMask = 2147483647;
			files = (
				4E7C554220D0FAA80045847B /* GeneralToolsSwiftTests.swift in Sources */,
			);
			runOnlyForDeploymentPostprocessing = 0;
		};
		4E7C554420D0FAA80045847B /* Sources */ = {
			isa = PBXSourcesBuildPhase;
			buildActionMask = 2147483647;
			files = (
				4E7C554D20D0FAA80045847B /* GeneralToolsSwiftUITests.swift in Sources */,
			);
			runOnlyForDeploymentPostprocessing = 0;
		};
/* End PBXSourcesBuildPhase section */

/* Begin PBXTargetDependency section */
		4E7C553F20D0FAA80045847B /* PBXTargetDependency */ = {
			isa = PBXTargetDependency;
			target = 4E7C552820D0FAA60045847B /* GeneralToolsSwift */;
			targetProxy = 4E7C553E20D0FAA80045847B /* PBXContainerItemProxy */;
		};
		4E7C554A20D0FAA80045847B /* PBXTargetDependency */ = {
			isa = PBXTargetDependency;
			target = 4E7C552820D0FAA60045847B /* GeneralToolsSwift */;
			targetProxy = 4E7C554920D0FAA80045847B /* PBXContainerItemProxy */;
		};
/* End PBXTargetDependency section */

/* Begin PBXVariantGroup section */
		4E7C553020D0FAA60045847B /* Main.storyboard */ = {
			isa = PBXVariantGroup;
			children = (
				4E7C553120D0FAA60045847B /* Base */,
			);
			name = Main.storyboard;
			sourceTree = "<group>";
		};
		4E7C553520D0FAA70045847B /* LaunchScreen.storyboard */ = {
			isa = PBXVariantGroup;
			children = (
				4E7C553620D0FAA70045847B /* Base */,
			);
			name = LaunchScreen.storyboard;
			sourceTree = "<group>";
		};
/* End PBXVariantGroup section */

/* Begin XCBuildConfiguration section */
		4E7C554F20D0FAA80045847B /* Debug */ = {
			isa = XCBuildConfiguration;
			buildSettings = {
				ALWAYS_SEARCH_USER_PATHS = NO;
				CLANG_ANALYZER_NONNULL = YES;
				CLANG_ANALYZER_NUMBER_OBJECT_CONVERSION = YES_AGGRESSIVE;
				CLANG_CXX_LANGUAGE_STANDARD = "gnu++14";
				CLANG_CXX_LIBRARY = "libc++";
				CLANG_ENABLE_MODULES = YES;
				CLANG_ENABLE_OBJC_ARC = YES;
				CLANG_ENABLE_OBJC_WEAK = YES;
				CLANG_WARN_BLOCK_CAPTURE_AUTORELEASING = YES;
				CLANG_WARN_BOOL_CONVERSION = YES;
				CLANG_WARN_COMMA = YES;
				CLANG_WARN_CONSTANT_CONVERSION = YES;
				CLANG_WARN_DEPRECATED_OBJC_IMPLEMENTATIONS = YES;
				CLANG_WARN_DIRECT_OBJC_ISA_USAGE = YES_ERROR;
				CLANG_WARN_DOCUMENTATION_COMMENTS = YES;
				CLANG_WARN_EMPTY_BODY = YES;
				CLANG_WARN_ENUM_CONVERSION = YES;
				CLANG_WARN_INFINITE_RECURSION = YES;
				CLANG_WARN_INT_CONVERSION = YES;
				CLANG_WARN_NON_LITERAL_NULL_CONVERSION = YES;
				CLANG_WARN_OBJC_IMPLICIT_RETAIN_SELF = YES;
				CLANG_WARN_OBJC_LITERAL_CONVERSION = YES;
				CLANG_WARN_OBJC_ROOT_CLASS = YES_ERROR;
				CLANG_WARN_RANGE_LOOP_ANALYSIS = YES;
				CLANG_WARN_STRICT_PROTOTYPES = YES;
				CLANG_WARN_SUSPICIOUS_MOVE = YES;
				CLANG_WARN_UNGUARDED_AVAILABILITY = YES_AGGRESSIVE;
				CLANG_WARN_UNREACHABLE_CODE = YES;
				CLANG_WARN__DUPLICATE_METHOD_MATCH = YES;
				CODE_SIGN_IDENTITY = "iPhone Developer";
				COPY_PHASE_STRIP = NO;
				DEBUG_INFORMATION_FORMAT = dwarf;
				ENABLE_STRICT_OBJC_MSGSEND = YES;
				ENABLE_TESTABILITY = YES;
				GCC_C_LANGUAGE_STANDARD = gnu11;
				GCC_DYNAMIC_NO_PIC = NO;
				GCC_NO_COMMON_BLOCKS = YES;
				GCC_OPTIMIZATION_LEVEL = 0;
				GCC_PREPROCESSOR_DEFINITIONS = (
					"DEBUG=1",
					"$(inherited)",
				);
				GCC_WARN_64_TO_32_BIT_CONVERSION = YES;
				GCC_WARN_ABOUT_RETURN_TYPE = YES_ERROR;
				GCC_WARN_UNDECLARED_SELECTOR = YES;
				GCC_WARN_UNINITIALIZED_AUTOS = YES_AGGRESSIVE;
				GCC_WARN_UNUSED_FUNCTION = YES;
				GCC_WARN_UNUSED_VARIABLE = YES;
				IPHONEOS_DEPLOYMENT_TARGET = 11.3;
				MTL_ENABLE_DEBUG_INFO = YES;
				ONLY_ACTIVE_ARCH = YES;
				SDKROOT = iphoneos;
				SWIFT_ACTIVE_COMPILATION_CONDITIONS = DEBUG;
				SWIFT_OPTIMIZATION_LEVEL = "-Onone";
			};
			name = Debug;
		};
		4E7C555020D0FAA80045847B /* Release */ = {
			isa = XCBuildConfiguration;
			buildSettings = {
				ALWAYS_SEARCH_USER_PATHS = NO;
				CLANG_ANALYZER_NONNULL = YES;
				CLANG_ANALYZER_NUMBER_OBJECT_CONVERSION = YES_AGGRESSIVE;
				CLANG_CXX_LANGUAGE_STANDARD = "gnu++14";
				CLANG_CXX_LIBRARY = "libc++";
				CLANG_ENABLE_MODULES = YES;
				CLANG_ENABLE_OBJC_ARC = YES;
				CLANG_ENABLE_OBJC_WEAK = YES;
				CLANG_WARN_BLOCK_CAPTURE_AUTORELEASING = YES;
				CLANG_WARN_BOOL_CONVERSION = YES;
				CLANG_WARN_COMMA = YES;
				CLANG_WARN_CONSTANT_CONVERSION = YES;
				CLANG_WARN_DEPRECATED_OBJC_IMPLEMENTATIONS = YES;
				CLANG_WARN_DIRECT_OBJC_ISA_USAGE = YES_ERROR;
				CLANG_WARN_DOCUMENTATION_COMMENTS = YES;
				CLANG_WARN_EMPTY_BODY = YES;
				CLANG_WARN_ENUM_CONVERSION = YES;
				CLANG_WARN_INFINITE_RECURSION = YES;
				CLANG_WARN_INT_CONVERSION = YES;
				CLANG_WARN_NON_LITERAL_NULL_CONVERSION = YES;
				CLANG_WARN_OBJC_IMPLICIT_RETAIN_SELF = YES;
				CLANG_WARN_OBJC_LITERAL_CONVERSION = YES;
				CLANG_WARN_OBJC_ROOT_CLASS = YES_ERROR;
				CLANG_WARN_RANGE_LOOP_ANALYSIS = YES;
				CLANG_WARN_STRICT_PROTOTYPES = YES;
				CLANG_WARN_SUSPICIOUS_MOVE = YES;
				CLANG_WARN_UNGUARDED_AVAILABILITY = YES_AGGRESSIVE;
				CLANG_WARN_UNREACHABLE_CODE = YES;
				CLANG_WARN__DUPLICATE_METHOD_MATCH = YES;
				CODE_SIGN_IDENTITY = "iPhone Developer";
				COPY_PHASE_STRIP = NO;
				DEBUG_INFORMATION_FORMAT = "dwarf-with-dsym";
				ENABLE_NS_ASSERTIONS = NO;
				ENABLE_STRICT_OBJC_MSGSEND = YES;
				GCC_C_LANGUAGE_STANDARD = gnu11;
				GCC_NO_COMMON_BLOCKS = YES;
				GCC_WARN_64_TO_32_BIT_CONVERSION = YES;
				GCC_WARN_ABOUT_RETURN_TYPE = YES_ERROR;
				GCC_WARN_UNDECLARED_SELECTOR = YES;
				GCC_WARN_UNINITIALIZED_AUTOS = YES_AGGRESSIVE;
				GCC_WARN_UNUSED_FUNCTION = YES;
				GCC_WARN_UNUSED_VARIABLE = YES;
				IPHONEOS_DEPLOYMENT_TARGET = 11.3;
				MTL_ENABLE_DEBUG_INFO = NO;
				SDKROOT = iphoneos;
				SWIFT_COMPILATION_MODE = wholemodule;
				SWIFT_OPTIMIZATION_LEVEL = "-O";
				VALIDATE_PRODUCT = YES;
			};
			name = Release;
		};
		4E7C555220D0FAA80045847B /* Debug */ = {
			isa = XCBuildConfiguration;
			buildSettings = {
				ASSETCATALOG_COMPILER_APPICON_NAME = AppIcon;
				CODE_SIGN_IDENTITY = "iPhone Developer";
				CODE_SIGN_STYLE = Manual;
				DEVELOPMENT_TEAM = "";
				INFOPLIST_FILE = GeneralToolsSwift/Info.plist;
				LD_RUNPATH_SEARCH_PATHS = (
					"$(inherited)",
					"@executable_path/Frameworks",
				);
				PRODUCT_BUNDLE_IDENTIFIER = com.ak.heshao;
				PRODUCT_NAME = "$(TARGET_NAME)";
				PROVISIONING_PROFILE = "8c02b86a-bbfb-473d-8a50-aaaac43292b4";
				PROVISIONING_PROFILE_SPECIFIER = "";
				SWIFT_VERSION = 4.0;
				TARGETED_DEVICE_FAMILY = "1,2";
			};
			name = Debug;
		};
		4E7C555320D0FAA80045847B /* Release */ = {
			isa = XCBuildConfiguration;
			buildSettings = {
				ASSETCATALOG_COMPILER_APPICON_NAME = AppIcon;
				CODE_SIGN_IDENTITY = "iPhone Developer";
				CODE_SIGN_STYLE = Manual;
				DEVELOPMENT_TEAM = "";
				INFOPLIST_FILE = GeneralToolsSwift/Info.plist;
				LD_RUNPATH_SEARCH_PATHS = (
					"$(inherited)",
					"@executable_path/Frameworks",
				);
				PRODUCT_BUNDLE_IDENTIFIER = com.ak.heshao;
				PRODUCT_NAME = "$(TARGET_NAME)";
				PROVISIONING_PROFILE = "8c02b86a-bbfb-473d-8a50-aaaac43292b4";
				PROVISIONING_PROFILE_SPECIFIER = "";
				SWIFT_VERSION = 4.0;
				TARGETED_DEVICE_FAMILY = "1,2";
			};
			name = Release;
		};
		4E7C555520D0FAA80045847B /* Debug */ = {
			isa = XCBuildConfiguration;
			buildSettings = {
				ALWAYS_EMBED_SWIFT_STANDARD_LIBRARIES = YES;
				BUNDLE_LOADER = "$(TEST_HOST)";
				CODE_SIGN_STYLE = Automatic;
				INFOPLIST_FILE = GeneralToolsSwiftTests/Info.plist;
				LD_RUNPATH_SEARCH_PATHS = (
					"$(inherited)",
					"@executable_path/Frameworks",
					"@loader_path/Frameworks",
				);
				PRODUCT_BUNDLE_IDENTIFIER = com.pingan.puhuiApp.GeneralToolsSwiftTests;
				PRODUCT_NAME = "$(TARGET_NAME)";
				SWIFT_VERSION = 4.0;
				TARGETED_DEVICE_FAMILY = "1,2";
				TEST_HOST = "$(BUILT_PRODUCTS_DIR)/GeneralToolsSwift.app/GeneralToolsSwift";
			};
			name = Debug;
		};
		4E7C555620D0FAA80045847B /* Release */ = {
			isa = XCBuildConfiguration;
			buildSettings = {
				ALWAYS_EMBED_SWIFT_STANDARD_LIBRARIES = YES;
				BUNDLE_LOADER = "$(TEST_HOST)";
				CODE_SIGN_STYLE = Automatic;
				INFOPLIST_FILE = GeneralToolsSwiftTests/Info.plist;
				LD_RUNPATH_SEARCH_PATHS = (
					"$(inherited)",
					"@executable_path/Frameworks",
					"@loader_path/Frameworks",
				);
				PRODUCT_BUNDLE_IDENTIFIER = com.pingan.puhuiApp.GeneralToolsSwiftTests;
				PRODUCT_NAME = "$(TARGET_NAME)";
				SWIFT_VERSION = 4.0;
				TARGETED_DEVICE_FAMILY = "1,2";
				TEST_HOST = "$(BUILT_PRODUCTS_DIR)/GeneralToolsSwift.app/GeneralToolsSwift";
			};
			name = Release;
		};
		4E7C555820D0FAA80045847B /* Debug */ = {
			isa = XCBuildConfiguration;
			buildSettings = {
				ALWAYS_EMBED_SWIFT_STANDARD_LIBRARIES = YES;
				CODE_SIGN_STYLE = Automatic;
				INFOPLIST_FILE = GeneralToolsSwiftUITests/Info.plist;
				LD_RUNPATH_SEARCH_PATHS = (
					"$(inherited)",
					"@executable_path/Frameworks",
					"@loader_path/Frameworks",
				);
				PRODUCT_BUNDLE_IDENTIFIER = com.pingan.puhuiApp.GeneralToolsSwiftUITests;
				PRODUCT_NAME = "$(TARGET_NAME)";
				SWIFT_VERSION = 4.0;
				TARGETED_DEVICE_FAMILY = "1,2";
				TEST_TARGET_NAME = GeneralToolsSwift;
			};
			name = Debug;
		};
		4E7C555920D0FAA80045847B /* Release */ = {
			isa = XCBuildConfiguration;
			buildSettings = {
				ALWAYS_EMBED_SWIFT_STANDARD_LIBRARIES = YES;
				CODE_SIGN_STYLE = Automatic;
				INFOPLIST_FILE = GeneralToolsSwiftUITests/Info.plist;
				LD_RUNPATH_SEARCH_PATHS = (
					"$(inherited)",
					"@executable_path/Frameworks",
					"@loader_path/Frameworks",
				);
				PRODUCT_BUNDLE_IDENTIFIER = com.pingan.puhuiApp.GeneralToolsSwiftUITests;
				PRODUCT_NAME = "$(TARGET_NAME)";
				SWIFT_VERSION = 4.0;
				TARGETED_DEVICE_FAMILY = "1,2";
				TEST_TARGET_NAME = GeneralToolsSwift;
			};
			name = Release;
		};
/* End XCBuildConfiguration section */

/* Begin XCConfigurationList section */
		4E7C552420D0FAA60045847B /* Build configuration list for PBXProject "GeneralToolsSwift" */ = {
			isa = XCConfigurationList;
			buildConfigurations = (
				4E7C554F20D0FAA80045847B /* Debug */,
				4E7C555020D0FAA80045847B /* Release */,
			);
			defaultConfigurationIsVisible = 0;
			defaultConfigurationName = Release;
		};
		4E7C555120D0FAA80045847B /* Build configuration list for PBXNativeTarget "GeneralToolsSwift" */ = {
			isa = XCConfigurationList;
			buildConfigurations = (
				4E7C555220D0FAA80045847B /* Debug */,
				4E7C555320D0FAA80045847B /* Release */,
			);
			defaultConfigurationIsVisible = 0;
			defaultConfigurationName = Release;
		};
		4E7C555420D0FAA80045847B /* Build configuration list for PBXNativeTarget "GeneralToolsSwiftTests" */ = {
			isa = XCConfigurationList;
			buildConfigurations = (
				4E7C555520D0FAA80045847B /* Debug */,
				4E7C555620D0FAA80045847B /* Release */,
			);
			defaultConfigurationIsVisible = 0;
			defaultConfigurationName = Release;
		};
		4E7C555720D0FAA80045847B /* Build configuration list for PBXNativeTarget "GeneralToolsSwiftUITests" */ = {
			isa = XCConfigurationList;
			buildConfigurations = (
				4E7C555820D0FAA80045847B /* Debug */,
				4E7C555920D0FAA80045847B /* Release */,
			);
			defaultConfigurationIsVisible = 0;
			defaultConfigurationName = Release;
		};
/* End XCConfigurationList section */
	};
	rootObject = 4E7C552120D0FAA60045847B /* Project object */;
}
